
Microsoft Visual Studio Solution File, Format Version 12.00
# Visual Studio Version 17
VisualStudioVersion = 17.5.33502.453
MinimumVisualStudioVersion = 10.0.40219.1
Project("{9A19103F-16F7-4668-BE54-9A1E7A4F7556}") = "Formation", "Formation\Formation.csproj", "{A0CCD4F6-5097-403F-B8FF-528E45AF75A2}"
EndProject
Project("{FAE04EC0-301F-11D3-BF4B-00C04F79EFBC}") = "Repository", "Repository\Repository.csproj", "{DFB1D6FF-34FA-4AB0-B366-EF8B5D94EDA0}"
EndProject
Project("{FAE04EC0-301F-11D3-BF4B-00C04F79EFBC}") = "Services", "Services\Services.csproj", "{893EA274-B4E1-49D4-B28C-DAF9847365C0}"
EndProject
Project("{FAE04EC0-301F-11D3-BF4B-00C04F79EFBC}") = "Shared", "Shared\Shared.csproj", "{D00734FC-5DFF-4FB9-B6A6-1B214A06ECF5}"
EndProject
Project("{FAE04EC0-301F-11D3-BF4B-00C04F79EFBC}") = "WebApiRestaurant", "WebApiRestaurant\WebApiRestaurant.csproj", "{2A8B6194-3595-46B3-853A-B5CD39F75E49}"
EndProject
Global
	GlobalSection(SolutionConfigurationPlatforms) = preSolution
		Debug|Any CPU = Debug|Any CPU
		Release|Any CPU = Release|Any CPU
	EndGlobalSection
	GlobalSection(ProjectConfigurationPlatforms) = postSolution
		{A0CCD4F6-5097-403F-B8FF-528E45AF75A2}.Debug|Any CPU.ActiveCfg = Debug|Any CPU
		{A0CCD4F6-5097-403F-B8FF-528E45AF75A2}.Debug|Any CPU.Build.0 = Debug|Any CPU
		{A0CCD4F6-5097-403F-B8FF-528E45AF75A2}.Release|Any CPU.ActiveCfg = Release|Any CPU
		{A0CCD4F6-5097-403F-B8FF-528E45AF75A2}.Release|Any CPU.Build.0 = Release|Any CPU
		{DFB1D6FF-34FA-4AB0-B366-EF8B5D94EDA0}.Debug|Any CPU.ActiveCfg = Debug|Any CPU
		{DFB1D6FF-34FA-4AB0-B366-EF8B5D94EDA0}.Debug|Any CPU.Build.0 = Debug|Any CPU
		{DFB1D6FF-34FA-4AB0-B366-EF8B5D94EDA0}.Release|Any CPU.ActiveCfg = Release|Any CPU
		{DFB1D6FF-34FA-4AB0-B366-EF8B5D94EDA0}.Release|Any CPU.Build.0 = Release|Any CPU
		{893EA274-B4E1-49D4-B28C-DAF9847365C0}.Debug|Any CPU.ActiveCfg = Debug|Any CPU
		{893EA274-B4E1-49D4-B28C-DAF9847365C0}.Debug|Any CPU.Build.0 = Debug|Any CPU
		{893EA274-B4E1-49D4-B28C-DAF9847365C0}.Release|Any CPU.ActiveCfg = Release|Any CPU
		{893EA274-B4E1-49D4-B28C-DAF9847365C0}.Release|Any CPU.Build.0 = Release|Any CPU
		{D00734FC-5DFF-4FB9-B6A6-1B214A06ECF5}.Debug|Any CPU.ActiveCfg = Debug|Any CPU
		{D00734FC-5DFF-4FB9-B6A6-1B214A06ECF5}.Debug|Any CPU.Build.0 = Debug|Any CPU
		{D00734FC-5DFF-4FB9-B6A6-1B214A06ECF5}.Release|Any CPU.ActiveCfg = Release|Any CPU
		{D00734FC-5DFF-4FB9-B6A6-1B214A06ECF5}.Release|Any CPU.Build.0 = Release|Any CPU
		{2A8B6194-3595-46B3-853A-B5CD39F75E49}.Debug|Any CPU.ActiveCfg = Debug|Any CPU
		{2A8B6194-3595-46B3-853A-B5CD39F75E49}.Debug|Any CPU.Build.0 = Debug|Any CPU
		{2A8B6194-3595-46B3-853A-B5CD39F75E49}.Release|Any CPU.ActiveCfg = Release|Any CPU
		{2A8B6194-3595-46B3-853A-B5CD39F75E49}.Release|Any CPU.Build.0 = Release|Any CPU
	EndGlobalSection
	GlobalSection(SolutionProperties) = preSolution
		HideSolutionNode = FALSE
	EndGlobalSection
	GlobalSection(ExtensibilityGlobals) = postSolution
		SolutionGuid = {E0EF0723-503B-453F-A80E-3B480FBECB57}
	EndGlobalSection
EndGlobal
